
Microsoft Visual Studio Solution File, Format Version 12.00
# Visual Studio Version 17
VisualStudioVersion = 17.0.31903.59
MinimumVisualStudioVersion = 10.0.40219.1
Project("{FAE04EC0-301F-11D3-BF4B-00C04F79EFBC}") = "BED_Calc", "BED_Calc.csproj", "{D65CE203-0633-4D30-B4E6-A26A57DAC340}"
EndProject
Global
	GlobalSection(SolutionConfigurationPlatforms) = preSolution
		Debug|x64 = Debug|x64
		Release|x64 = Release|x64
	EndGlobalSection
	GlobalSection(ProjectConfigurationPlatforms) = postSolution
		{D65CE203-0633-4D30-B4E6-A26A57DAC340}.Debug|x64.ActiveCfg = Debug|x64
		{D65CE203-0633-4D30-B4E6-A26A57DAC340}.Debug|x64.Build.0 = Debug|x64
		{D65CE203-0633-4D30-B4E6-A26A57DAC340}.Release|x64.ActiveCfg = Release|x64
		{D65CE203-0633-4D30-B4E6-A26A57DAC340}.Release|x64.Build.0 = Release|x64
	EndGlobalSection
	GlobalSection(SolutionProperties) = preSolution
		HideSolutionNode = FALSE
	EndGlobalSection
	GlobalSection(ExtensibilityGlobals) = postSolution
		SolutionGuid = {0D28443C-BCCB-4208-BA87-57B8C0B66FA0}
	EndGlobalSection
EndGlobal
